
Microsoft Visual Studio Solution File, Format Version 12.00
# Visual Studio 14
VisualStudioVersion = 14.0.25420.1
MinimumVisualStudioVersion = 10.0.40219.1
Project("{FAE04EC0-301F-11D3-BF4B-00C04F79EFBC}") = "BMT.SICONA.Wcf", "BMT.SICONA.Wcf\BMT.SICONA.Wcf.csproj", "{276633BD-6661-4E5A-B026-59068880967B}"
EndProject
Project("{FAE04EC0-301F-11D3-BF4B-00C04F79EFBC}") = "BMT.SICONA.Util", "BMT.SICONA.Util\BMT.SICONA.Util.csproj", "{D984E69C-417D-4F4B-936B-C6075F0F3B89}"
EndProject
Project("{FAE04EC0-301F-11D3-BF4B-00C04F79EFBC}") = "BMT.SICONA.DA", "BMT.SICONA.DA\BMT.SICONA.DA.csproj", "{701671AA-7C3D-4B70-975E-DFB4E674FA31}"
EndProject
Project("{FAE04EC0-301F-11D3-BF4B-00C04F79EFBC}") = "BMT.SICONA.BE", "BMT.SICONA.BE\BMT.SICONA.BE.csproj", "{E168D8C1-5B20-4C2F-936F-1FBFB163B93B}"
EndProject
Project("{FAE04EC0-301F-11D3-BF4B-00C04F79EFBC}") = "BMT.SICONA.BL", "BMT.SICONA.BL\BMT.SICONA.BL.csproj", "{C414F5DC-C276-448A-98A7-A76FD63966A4}"
EndProject
Project("{FAE04EC0-301F-11D3-BF4B-00C04F79EFBC}") = "BMT.SICONA.WinService", "BMT.SICONA.WinService\BMT.SICONA.WinService.csproj", "{653C7A2D-F315-4D08-A4F6-02CA58A75D14}"
EndProject
Project("{54435603-DBB4-11D2-8724-00A0C9A8B90C}") = "WinServiceSICONAX", "WinServiceSICONAX\WinServiceSICONAX.vdproj", "{FFA9F6D4-365C-4167-8092-3605C308029E}"
EndProject
Global
	GlobalSection(SolutionConfigurationPlatforms) = preSolution
		Debug|Any CPU = Debug|Any CPU
		Release|Any CPU = Release|Any CPU
	EndGlobalSection
	GlobalSection(ProjectConfigurationPlatforms) = postSolution
		{276633BD-6661-4E5A-B026-59068880967B}.Debug|Any CPU.ActiveCfg = Debug|Any CPU
		{276633BD-6661-4E5A-B026-59068880967B}.Debug|Any CPU.Build.0 = Debug|Any CPU
		{276633BD-6661-4E5A-B026-59068880967B}.Release|Any CPU.ActiveCfg = Release|Any CPU
		{276633BD-6661-4E5A-B026-59068880967B}.Release|Any CPU.Build.0 = Release|Any CPU
		{D984E69C-417D-4F4B-936B-C6075F0F3B89}.Debug|Any CPU.ActiveCfg = Debug|Any CPU
		{D984E69C-417D-4F4B-936B-C6075F0F3B89}.Debug|Any CPU.Build.0 = Debug|Any CPU
		{D984E69C-417D-4F4B-936B-C6075F0F3B89}.Release|Any CPU.ActiveCfg = Release|Any CPU
		{D984E69C-417D-4F4B-936B-C6075F0F3B89}.Release|Any CPU.Build.0 = Release|Any CPU
		{701671AA-7C3D-4B70-975E-DFB4E674FA31}.Debug|Any CPU.ActiveCfg = Debug|Any CPU
		{701671AA-7C3D-4B70-975E-DFB4E674FA31}.Debug|Any CPU.Build.0 = Debug|Any CPU
		{701671AA-7C3D-4B70-975E-DFB4E674FA31}.Release|Any CPU.ActiveCfg = Release|Any CPU
		{701671AA-7C3D-4B70-975E-DFB4E674FA31}.Release|Any CPU.Build.0 = Release|Any CPU
		{E168D8C1-5B20-4C2F-936F-1FBFB163B93B}.Debug|Any CPU.ActiveCfg = Debug|Any CPU
		{E168D8C1-5B20-4C2F-936F-1FBFB163B93B}.Debug|Any CPU.Build.0 = Debug|Any CPU
		{E168D8C1-5B20-4C2F-936F-1FBFB163B93B}.Release|Any CPU.ActiveCfg = Release|Any CPU
		{E168D8C1-5B20-4C2F-936F-1FBFB163B93B}.Release|Any CPU.Build.0 = Release|Any CPU
		{C414F5DC-C276-448A-98A7-A76FD63966A4}.Debug|Any CPU.ActiveCfg = Debug|Any CPU
		{C414F5DC-C276-448A-98A7-A76FD63966A4}.Debug|Any CPU.Build.0 = Debug|Any CPU
		{C414F5DC-C276-448A-98A7-A76FD63966A4}.Release|Any CPU.ActiveCfg = Release|Any CPU
		{C414F5DC-C276-448A-98A7-A76FD63966A4}.Release|Any CPU.Build.0 = Release|Any CPU
		{653C7A2D-F315-4D08-A4F6-02CA58A75D14}.Debug|Any CPU.ActiveCfg = Debug|Any CPU
		{653C7A2D-F315-4D08-A4F6-02CA58A75D14}.Debug|Any CPU.Build.0 = Debug|Any CPU
		{653C7A2D-F315-4D08-A4F6-02CA58A75D14}.Release|Any CPU.ActiveCfg = Release|Any CPU
		{653C7A2D-F315-4D08-A4F6-02CA58A75D14}.Release|Any CPU.Build.0 = Release|Any CPU
		{FFA9F6D4-365C-4167-8092-3605C308029E}.Debug|Any CPU.ActiveCfg = Debug
		{FFA9F6D4-365C-4167-8092-3605C308029E}.Release|Any CPU.ActiveCfg = Release
	EndGlobalSection
	GlobalSection(SolutionProperties) = preSolution
		HideSolutionNode = FALSE
	EndGlobalSection
EndGlobal
